
Microsoft Visual Studio Solution File, Format Version 12.00
# Visual Studio Version 17
VisualStudioVersion = 17.14.36518.9
MinimumVisualStudioVersion = 10.0.40219.1
Project("{FAE04EC0-301F-11D3-BF4B-00C04F79EFBC}") = "Futbol9-2", "Futbol9-2\Futbol9-2.csproj", "{53EA8843-BFE4-4230-8732-82D12D530DA6}"
EndProject
Global
	GlobalSection(SolutionConfigurationPlatforms) = preSolution
		Debug|Any CPU = Debug|Any CPU
		Release|Any CPU = Release|Any CPU
	EndGlobalSection
	GlobalSection(ProjectConfigurationPlatforms) = postSolution
		{53EA8843-BFE4-4230-8732-82D12D530DA6}.Debug|Any CPU.ActiveCfg = Debug|Any CPU
		{53EA8843-BFE4-4230-8732-82D12D530DA6}.Debug|Any CPU.Build.0 = Debug|Any CPU
		{53EA8843-BFE4-4230-8732-82D12D530DA6}.Release|Any CPU.ActiveCfg = Release|Any CPU
		{53EA8843-BFE4-4230-8732-82D12D530DA6}.Release|Any CPU.Build.0 = Release|Any CPU
	EndGlobalSection
	GlobalSection(SolutionProperties) = preSolution
		HideSolutionNode = FALSE
	EndGlobalSection
	GlobalSection(ExtensibilityGlobals) = postSolution
		SolutionGuid = {F9CBB1BD-A81E-49FB-BFB7-362886FE3778}
	EndGlobalSection
EndGlobal
